<Solution>
  <Folder Name="/Backend/">
    <Project Path="PetManagementSystem.Api/PetManagementSystem.Api.csproj" />
  </Folder>
  <Folder Name="/Frontend/">
    <Project Path="PetManagementSystem.Web/PetManagementSystem.Web.csproj" />
  </Folder>
  <Folder Name="/Tests/">
    <Project Path="PetManagementSystem.Tests/PetManagementSystem.Tests.csproj" />
  </Folder>
</Solution>
